// !$*UTF8*$!
{
	archiveVersion = 1;
	classes = {
	};
	objectVersion = 56;
	objects = {

/* Begin PBXBuildFile section */
		3A0D6E5E2933A3C200D468F8 /* ImageModel.swift in Sources */ = {isa = PBXBuildFile; fileRef = 3A0D6E5D2933A3C200D468F8 /* ImageModel.swift */; };
		3A17777829325B6700703F92 /* DetailPhotoViewController.swift in Sources */ = {isa = PBXBuildFile; fileRef = 3A17777729325B6700703F92 /* DetailPhotoViewController.swift */; };
		3A5BA2DC294E36A400DE0B65 /* SettingViewControllerSwiftUI.swift in Sources */ = {isa = PBXBuildFile; fileRef = 3A5BA2DB294E36A400DE0B65 /* SettingViewControllerSwiftUI.swift */; };
		3A5D84DE292968EA00E41245 /* CollectionViewHeader.swift in Sources */ = {isa = PBXBuildFile; fileRef = 3A5D84DC292968EA00E41245 /* CollectionViewHeader.swift */; };
		3A5D84DF292968EA00E41245 /* CollectionViewHeader.xib in Resources */ = {isa = PBXBuildFile; fileRef = 3A5D84DD292968EA00E41245 /* CollectionViewHeader.xib */; };
		3A5F9521292AAA7100C8C869 /* CollectionView + Support.swift in Sources */ = {isa = PBXBuildFile; fileRef = 3A5F9520292AAA7100C8C869 /* CollectionView + Support.swift */; };
		3A6C2459296989F5007AECB2 /* DetailViewModel.swift in Sources */ = {isa = PBXBuildFile; fileRef = 3A6C2458296989F5007AECB2 /* DetailViewModel.swift */; };
		3A6C245D2969B773007AECB2 /* DetailViewModelProtocol.swift in Sources */ = {isa = PBXBuildFile; fileRef = 3A6C245C2969B773007AECB2 /* DetailViewModelProtocol.swift */; };
		3A6EB25F292A73EA000688FE /* ToDo.swift in Sources */ = {isa = PBXBuildFile; fileRef = 3A6EB25E292A73EA000688FE /* ToDo.swift */; };
		3A6EB261292AA7D1000688FE /* CollectionViewController + DelegateFlowLayout.swift in Sources */ = {isa = PBXBuildFile; fileRef = 3A6EB260292AA7D1000688FE /* CollectionViewController + DelegateFlowLayout.swift */; };
		3A8B53252921122700FDDA1C /* CollectionViewController.swift in Sources */ = {isa = PBXBuildFile; fileRef = 3A8B53242921122700FDDA1C /* CollectionViewController.swift */; };
		3A8B532D2921253100FDDA1C /* NetworkManager.swift in Sources */ = {isa = PBXBuildFile; fileRef = 3A8B532C2921253100FDDA1C /* NetworkManager.swift */; };
		3A8B53342921658B00FDDA1C /* PhotoCell.swift in Sources */ = {isa = PBXBuildFile; fileRef = 3A8B53322921658B00FDDA1C /* PhotoCell.swift */; };
		3A8B53352921658B00FDDA1C /* PhotoCell.xib in Resources */ = {isa = PBXBuildFile; fileRef = 3A8B53332921658B00FDDA1C /* PhotoCell.xib */; };
		3A8D1D4C294F5B53001341AE /* NetworkMonitor.swift in Sources */ = {isa = PBXBuildFile; fileRef = 3A8D1D4B294F5B53001341AE /* NetworkMonitor.swift */; };
		3A902A4029153F79007C3FDC /* AlertController.swift in Sources */ = {isa = PBXBuildFile; fileRef = 3A902A3F29153F79007C3FDC /* AlertController.swift */; };
		3A906C4229144A860070996F /* AppDelegate.swift in Sources */ = {isa = PBXBuildFile; fileRef = 3A906C4129144A860070996F /* AppDelegate.swift */; };
		3A906C4429144A860070996F /* SceneDelegate.swift in Sources */ = {isa = PBXBuildFile; fileRef = 3A906C4329144A860070996F /* SceneDelegate.swift */; };
		3A906C4929144A860070996F /* Main.storyboard in Resources */ = {isa = PBXBuildFile; fileRef = 3A906C4729144A860070996F /* Main.storyboard */; };
		3A906C4B29144A890070996F /* Assets.xcassets in Resources */ = {isa = PBXBuildFile; fileRef = 3A906C4A29144A890070996F /* Assets.xcassets */; };
		3A906C4E29144A890070996F /* LaunchScreen.storyboard in Resources */ = {isa = PBXBuildFile; fileRef = 3A906C4C29144A890070996F /* LaunchScreen.storyboard */; };
		3A9F25BE294E213600A53EC6 /* SettingView(SwiftUI).swift in Sources */ = {isa = PBXBuildFile; fileRef = 3A9F25BD294E213600A53EC6 /* SettingView(SwiftUI).swift */; };
		3AC1DC4029293E2F004D10EE /* CollectionViewModel.swift in Sources */ = {isa = PBXBuildFile; fileRef = 3AC1DC3F29293E2F004D10EE /* CollectionViewModel.swift */; };
		3AC1DC4229293ECA004D10EE /* NetworkManagerProtocol.swift in Sources */ = {isa = PBXBuildFile; fileRef = 3AC1DC4129293ECA004D10EE /* NetworkManagerProtocol.swift */; };
		3AC1DC442929415B004D10EE /* CollectionViewModelProtocol.swift in Sources */ = {isa = PBXBuildFile; fileRef = 3AC1DC432929415B004D10EE /* CollectionViewModelProtocol.swift */; };
		3AC1EA1D29A274C7006E24C5 /* CollectionViewController + UIMenu.swift in Sources */ = {isa = PBXBuildFile; fileRef = 3AC1EA1C29A274C7006E24C5 /* CollectionViewController + UIMenu.swift */; };
		3AC6E71829C258EA000D12BD /* InfoPlist.strings in Resources */ = {isa = PBXBuildFile; fileRef = 3AC6E71629C258EA000D12BD /* InfoPlist.strings */; };
		3AC6E71F29C25CA7000D12BD /* Localizable.strings in Resources */ = {isa = PBXBuildFile; fileRef = 3AC6E71D29C25CA7000D12BD /* Localizable.strings */; };
		3ADAE33B29CF0DA600BBF854 /* Alamofire in Frameworks */ = {isa = PBXBuildFile; productRef = 3ADAE33A29CF0DA600BBF854 /* Alamofire */; };
		3ADAE33E29CF0DB600BBF854 /* Kingfisher in Frameworks */ = {isa = PBXBuildFile; productRef = 3ADAE33D29CF0DB600BBF854 /* Kingfisher */; };
		3AF34C65299907A600454E05 /* CollectionViewFooter.swift in Sources */ = {isa = PBXBuildFile; fileRef = 3AF34C63299907A600454E05 /* CollectionViewFooter.swift */; };
		3AF34C66299907A600454E05 /* CollectionViewFooter.xib in Resources */ = {isa = PBXBuildFile; fileRef = 3AF34C64299907A600454E05 /* CollectionViewFooter.xib */; };
		3AF34C682999311300454E05 /* CollectionView + Keyboard.swift in Sources */ = {isa = PBXBuildFile; fileRef = 3AF34C672999311300454E05 /* CollectionView + Keyboard.swift */; };
		3AF34C6A2999313500454E05 /* CollectionView + Search.swift in Sources */ = {isa = PBXBuildFile; fileRef = 3AF34C692999313500454E05 /* CollectionView + Search.swift */; };
		3AF34C6C2999452B00454E05 /* String + Extension.swift in Sources */ = {isa = PBXBuildFile; fileRef = 3AF34C6B2999452B00454E05 /* String + Extension.swift */; };
		3AF98920299FED9400F48775 /* ScrollView.swift in Sources */ = {isa = PBXBuildFile; fileRef = 3AF9891F299FED9400F48775 /* ScrollView.swift */; };
		3AF9892229A0174100F48775 /* UserDefaults + Extension.swift in Sources */ = {isa = PBXBuildFile; fileRef = 3AF9892129A0174100F48775 /* UserDefaults + Extension.swift */; };
/* End PBXBuildFile section */

/* Begin PBXFileReference section */
		3A0D6E5D2933A3C200D468F8 /* ImageModel.swift */ = {isa = PBXFileReference; lastKnownFileType = sourcecode.swift; path = ImageModel.swift; sourceTree = "<group>"; };
		3A11AC2D29D055B800FA4C90 /* ar */ = {isa = PBXFileReference; lastKnownFileType = text.plist.strings; name = ar; path = ar.lproj/Main.strings; sourceTree = "<group>"; };
		3A11AC2E29D05A9700FA4C90 /* ar */ = {isa = PBXFileReference; lastKnownFileType = text.plist.strings; name = ar; path = ar.lproj/InfoPlist.strings; sourceTree = "<group>"; };
		3A11AC2F29D05A9700FA4C90 /* ar */ = {isa = PBXFileReference; lastKnownFileType = text.plist.strings; name = ar; path = ar.lproj/Localizable.strings; sourceTree = "<group>"; };
		3A17777729325B6700703F92 /* DetailPhotoViewController.swift */ = {isa = PBXFileReference; lastKnownFileType = sourcecode.swift; path = DetailPhotoViewController.swift; sourceTree = "<group>"; };
		3A5BA2DB294E36A400DE0B65 /* SettingViewControllerSwiftUI.swift */ = {isa = PBXFileReference; lastKnownFileType = sourcecode.swift; path = SettingViewControllerSwiftUI.swift; sourceTree = "<group>"; };
		3A5D84DC292968EA00E41245 /* CollectionViewHeader.swift */ = {isa = PBXFileReference; lastKnownFileType = sourcecode.swift; path = CollectionViewHeader.swift; sourceTree = "<group>"; };
		3A5D84DD292968EA00E41245 /* CollectionViewHeader.xib */ = {isa = PBXFileReference; lastKnownFileType = file.xib; path = CollectionViewHeader.xib; sourceTree = "<group>"; };
		3A5F9520292AAA7100C8C869 /* CollectionView + Support.swift */ = {isa = PBXFileReference; lastKnownFileType = sourcecode.swift; path = "CollectionView + Support.swift"; sourceTree = "<group>"; };
		3A6C2458296989F5007AECB2 /* DetailViewModel.swift */ = {isa = PBXFileReference; lastKnownFileType = sourcecode.swift; path = DetailViewModel.swift; sourceTree = "<group>"; };
		3A6C245C2969B773007AECB2 /* DetailViewModelProtocol.swift */ = {isa = PBXFileReference; lastKnownFileType = sourcecode.swift; path = DetailViewModelProtocol.swift; sourceTree = "<group>"; };
		3A6EB25E292A73EA000688FE /* ToDo.swift */ = {isa = PBXFileReference; lastKnownFileType = sourcecode.swift; path = ToDo.swift; sourceTree = "<group>"; };
		3A6EB260292AA7D1000688FE /* CollectionViewController + DelegateFlowLayout.swift */ = {isa = PBXFileReference; lastKnownFileType = sourcecode.swift; path = "CollectionViewController + DelegateFlowLayout.swift"; sourceTree = "<group>"; };
		3A8B53242921122700FDDA1C /* CollectionViewController.swift */ = {isa = PBXFileReference; lastKnownFileType = sourcecode.swift; path = CollectionViewController.swift; sourceTree = "<group>"; };
		3A8B532C2921253100FDDA1C /* NetworkManager.swift */ = {isa = PBXFileReference; lastKnownFileType = sourcecode.swift; path = NetworkManager.swift; sourceTree = "<group>"; };
		3A8B53322921658B00FDDA1C /* PhotoCell.swift */ = {isa = PBXFileReference; lastKnownFileType = sourcecode.swift; path = PhotoCell.swift; sourceTree = "<group>"; };
		3A8B53332921658B00FDDA1C /* PhotoCell.xib */ = {isa = PBXFileReference; lastKnownFileType = file.xib; path = PhotoCell.xib; sourceTree = "<group>"; };
		3A8D1D4B294F5B53001341AE /* NetworkMonitor.swift */ = {isa = PBXFileReference; lastKnownFileType = sourcecode.swift; path = NetworkMonitor.swift; sourceTree = "<group>"; };
		3A902A3F29153F79007C3FDC /* AlertController.swift */ = {isa = PBXFileReference; lastKnownFileType = sourcecode.swift; path = AlertController.swift; sourceTree = "<group>"; };
		3A906C3E29144A860070996F /* PhotoFinder.app */ = {isa = PBXFileReference; explicitFileType = wrapper.application; includeInIndex = 0; path = PhotoFinder.app; sourceTree = BUILT_PRODUCTS_DIR; };
		3A906C4129144A860070996F /* AppDelegate.swift */ = {isa = PBXFileReference; lastKnownFileType = sourcecode.swift; path = AppDelegate.swift; sourceTree = "<group>"; };
		3A906C4329144A860070996F /* SceneDelegate.swift */ = {isa = PBXFileReference; lastKnownFileType = sourcecode.swift; path = SceneDelegate.swift; sourceTree = "<group>"; };
		3A906C4829144A860070996F /* Base */ = {isa = PBXFileReference; lastKnownFileType = file.storyboard; name = Base; path = Base.lproj/Main.storyboard; sourceTree = "<group>"; };
		3A906C4A29144A890070996F /* Assets.xcassets */ = {isa = PBXFileReference; lastKnownFileType = folder.assetcatalog; path = Assets.xcassets; sourceTree = "<group>"; };
		3A906C4D29144A890070996F /* Base */ = {isa = PBXFileReference; lastKnownFileType = file.storyboard; name = Base; path = Base.lproj/LaunchScreen.storyboard; sourceTree = "<group>"; };
		3A906C4F29144A890070996F /* Info.plist */ = {isa = PBXFileReference; lastKnownFileType = text.plist.xml; path = Info.plist; sourceTree = "<group>"; };
		3A9F25BD294E213600A53EC6 /* SettingView(SwiftUI).swift */ = {isa = PBXFileReference; lastKnownFileType = sourcecode.swift; path = "SettingView(SwiftUI).swift"; sourceTree = "<group>"; };
		3AC1DC3F29293E2F004D10EE /* CollectionViewModel.swift */ = {isa = PBXFileReference; lastKnownFileType = sourcecode.swift; path = CollectionViewModel.swift; sourceTree = "<group>"; };
		3AC1DC4129293ECA004D10EE /* NetworkManagerProtocol.swift */ = {isa = PBXFileReference; lastKnownFileType = sourcecode.swift; path = NetworkManagerProtocol.swift; sourceTree = "<group>"; };
		3AC1DC432929415B004D10EE /* CollectionViewModelProtocol.swift */ = {isa = PBXFileReference; lastKnownFileType = sourcecode.swift; path = CollectionViewModelProtocol.swift; sourceTree = "<group>"; };
		3AC1EA1C29A274C7006E24C5 /* CollectionViewController + UIMenu.swift */ = {isa = PBXFileReference; lastKnownFileType = sourcecode.swift; path = "CollectionViewController + UIMenu.swift"; sourceTree = "<group>"; };
		3AC6E71529C25750000D12BD /* ru */ = {isa = PBXFileReference; lastKnownFileType = text.plist.strings; name = ru; path = ru.lproj/Main.strings; sourceTree = "<group>"; };
		3AC6E71729C258EA000D12BD /* ru */ = {isa = PBXFileReference; lastKnownFileType = text.plist.strings; name = ru; path = ru.lproj/InfoPlist.strings; sourceTree = "<group>"; };
		3AC6E71C29C258EA000D12BD /* ru */ = {isa = PBXFileReference; lastKnownFileType = file.storyboard; name = ru; path = ru.lproj/LaunchScreen.storyboard; sourceTree = "<group>"; };
		3AC6E71E29C25CA7000D12BD /* ru */ = {isa = PBXFileReference; lastKnownFileType = text.plist.strings; name = ru; path = ru.lproj/Localizable.strings; sourceTree = "<group>"; };
		3AF34C63299907A600454E05 /* CollectionViewFooter.swift */ = {isa = PBXFileReference; lastKnownFileType = sourcecode.swift; path = CollectionViewFooter.swift; sourceTree = "<group>"; };
		3AF34C64299907A600454E05 /* CollectionViewFooter.xib */ = {isa = PBXFileReference; lastKnownFileType = file.xib; path = CollectionViewFooter.xib; sourceTree = "<group>"; };
		3AF34C672999311300454E05 /* CollectionView + Keyboard.swift */ = {isa = PBXFileReference; lastKnownFileType = sourcecode.swift; path = "CollectionView + Keyboard.swift"; sourceTree = "<group>"; };
		3AF34C692999313500454E05 /* CollectionView + Search.swift */ = {isa = PBXFileReference; lastKnownFileType = sourcecode.swift; path = "CollectionView + Search.swift"; sourceTree = "<group>"; };
		3AF34C6B2999452B00454E05 /* String + Extension.swift */ = {isa = PBXFileReference; fileEncoding = 4; lastKnownFileType = sourcecode.swift; path = "String + Extension.swift"; sourceTree = "<group>"; };
		3AF9891F299FED9400F48775 /* ScrollView.swift */ = {isa = PBXFileReference; lastKnownFileType = sourcecode.swift; path = ScrollView.swift; sourceTree = "<group>"; };
		3AF9892129A0174100F48775 /* UserDefaults + Extension.swift */ = {isa = PBXFileReference; lastKnownFileType = sourcecode.swift; path = "UserDefaults + Extension.swift"; sourceTree = "<group>"; };
/* End PBXFileReference section */

/* Begin PBXFrameworksBuildPhase section */
		3A906C3B29144A860070996F /* Frameworks */ = {
			isa = PBXFrameworksBuildPhase;
			buildActionMask = 2147483647;
			files = (
				3ADAE33E29CF0DB600BBF854 /* Kingfisher in Frameworks */,
				3ADAE33B29CF0DA600BBF854 /* Alamofire in Frameworks */,
			);
			runOnlyForDeploymentPostprocessing = 0;
		};
/* End PBXFrameworksBuildPhase section */

/* Begin PBXGroup section */
		3A5F951F292AAA4B00C8C869 /* Extension */ = {
			isa = PBXGroup;
			children = (
				3A6EB260292AA7D1000688FE /* CollectionViewController + DelegateFlowLayout.swift */,
				3A5F9520292AAA7100C8C869 /* CollectionView + Support.swift */,
				3AF34C672999311300454E05 /* CollectionView + Keyboard.swift */,
				3AF34C692999313500454E05 /* CollectionView + Search.swift */,
				3AC1EA1C29A274C7006E24C5 /* CollectionViewController + UIMenu.swift */,
			);
			path = Extension;
			sourceTree = "<group>";
		};
		3A8B53262921232400FDDA1C /* Cell */ = {
			isa = PBXGroup;
			children = (
				3A8B53322921658B00FDDA1C /* PhotoCell.swift */,
				3A8B53332921658B00FDDA1C /* PhotoCell.xib */,
			);
			path = Cell;
			sourceTree = "<group>";
		};
		3A8D1D4D294F8C52001341AE /* CollectionViewController */ = {
			isa = PBXGroup;
			children = (
				3A8B53242921122700FDDA1C /* CollectionViewController.swift */,
				3AF34C622999074F00454E05 /* CollectionViewFooter */,
				3A8D1D4E294F8C71001341AE /* CollectionViewHeader */,
				3A5F951F292AAA4B00C8C869 /* Extension */,
				3A8B53262921232400FDDA1C /* Cell */,
			);
			path = CollectionViewController;
			sourceTree = "<group>";
		};
		3A8D1D4E294F8C71001341AE /* CollectionViewHeader */ = {
			isa = PBXGroup;
			children = (
				3A5D84DC292968EA00E41245 /* CollectionViewHeader.swift */,
				3A5D84DD292968EA00E41245 /* CollectionViewHeader.xib */,
			);
			path = CollectionViewHeader;
			sourceTree = "<group>";
		};
		3A906C3529144A860070996F = {
			isa = PBXGroup;
			children = (
				3A906C4029144A860070996F /* PhotoFinder */,
				3A906C3F29144A860070996F /* Products */,
			);
			sourceTree = "<group>";
		};
		3A906C3F29144A860070996F /* Products */ = {
			isa = PBXGroup;
			children = (
				3A906C3E29144A860070996F /* PhotoFinder.app */,
			);
			name = Products;
			sourceTree = "<group>";
		};
		3A906C4029144A860070996F /* PhotoFinder */ = {
			isa = PBXGroup;
			children = (
				3A906C4329144A860070996F /* SceneDelegate.swift */,
				3A906C4129144A860070996F /* AppDelegate.swift */,
				3A906C5C2914508C0070996F /* ViewModel */,
				3A906C5B291450800070996F /* View */,
				3A906C5D2914509D0070996F /* Support */,
				3A907CCE291821C70004FC00 /* Protocols */,
				3A906C5A291450790070996F /* Model */,
				3A906C4A29144A890070996F /* Assets.xcassets */,
				3A906C4F29144A890070996F /* Info.plist */,
				3AC6E71D29C25CA7000D12BD /* Localizable.strings */,
				3AC6E71629C258EA000D12BD /* InfoPlist.strings */,
				3A6EB25E292A73EA000688FE /* ToDo.swift */,
			);
			path = PhotoFinder;
			sourceTree = "<group>";
		};
		3A906C5A291450790070996F /* Model */ = {
			isa = PBXGroup;
			children = (
				3A0D6E5D2933A3C200D468F8 /* ImageModel.swift */,
			);
			path = Model;
			sourceTree = "<group>";
		};
		3A906C5B291450800070996F /* View */ = {
			isa = PBXGroup;
			children = (
				3AF9891F299FED9400F48775 /* ScrollView.swift */,
				3A9F25BF294E2FC300A53EC6 /* SwiftUI */,
				3A8D1D4D294F8C52001341AE /* CollectionViewController */,
				3A17777729325B6700703F92 /* DetailPhotoViewController.swift */,
				3A906C4729144A860070996F /* Main.storyboard */,
				3A906C4C29144A890070996F /* LaunchScreen.storyboard */,
			);
			path = View;
			sourceTree = "<group>";
		};
		3A906C5C2914508C0070996F /* ViewModel */ = {
			isa = PBXGroup;
			children = (
				3AC1DC3F29293E2F004D10EE /* CollectionViewModel.swift */,
				3A6C2458296989F5007AECB2 /* DetailViewModel.swift */,
			);
			path = ViewModel;
			sourceTree = "<group>";
		};
		3A906C5D2914509D0070996F /* Support */ = {
			isa = PBXGroup;
			children = (
				3AF34C6B2999452B00454E05 /* String + Extension.swift */,
				3A8B532C2921253100FDDA1C /* NetworkManager.swift */,
				3A902A3F29153F79007C3FDC /* AlertController.swift */,
				3A8D1D4B294F5B53001341AE /* NetworkMonitor.swift */,
				3AF9892129A0174100F48775 /* UserDefaults + Extension.swift */,
			);
			path = Support;
			sourceTree = "<group>";
		};
		3A907CCE291821C70004FC00 /* Protocols */ = {
			isa = PBXGroup;
			children = (
				3AC1DC4129293ECA004D10EE /* NetworkManagerProtocol.swift */,
				3AC1DC432929415B004D10EE /* CollectionViewModelProtocol.swift */,
				3A6C245C2969B773007AECB2 /* DetailViewModelProtocol.swift */,
			);
			name = Protocols;
			path = ..;
			sourceTree = "<group>";
		};
		3A9F25BF294E2FC300A53EC6 /* SwiftUI */ = {
			isa = PBXGroup;
			children = (
				3A5BA2DB294E36A400DE0B65 /* SettingViewControllerSwiftUI.swift */,
				3A9F25BD294E213600A53EC6 /* SettingView(SwiftUI).swift */,
			);
			path = SwiftUI;
			sourceTree = "<group>";
		};
		3AF34C622999074F00454E05 /* CollectionViewFooter */ = {
			isa = PBXGroup;
			children = (
				3AF34C63299907A600454E05 /* CollectionViewFooter.swift */,
				3AF34C64299907A600454E05 /* CollectionViewFooter.xib */,
			);
			path = CollectionViewFooter;
			sourceTree = "<group>";
		};
/* End PBXGroup section */

/* Begin PBXNativeTarget section */
		3A906C3D29144A860070996F /* PhotoFinder */ = {
			isa = PBXNativeTarget;
			buildConfigurationList = 3A906C5229144A890070996F /* Build configuration list for PBXNativeTarget "PhotoFinder" */;
			buildPhases = (
				3A906C3A29144A860070996F /* Sources */,
				3A906C3B29144A860070996F /* Frameworks */,
				3A906C3C29144A860070996F /* Resources */,
			);
			buildRules = (
			);
			dependencies = (
			);
			name = PhotoFinder;
			packageProductDependencies = (
				3ADAE33A29CF0DA600BBF854 /* Alamofire */,
				3ADAE33D29CF0DB600BBF854 /* Kingfisher */,
			);
			productName = PetProject;
			productReference = 3A906C3E29144A860070996F /* PhotoFinder.app */;
			productType = "com.apple.product-type.application";
		};
/* End PBXNativeTarget section */

/* Begin PBXProject section */
		3A906C3629144A860070996F /* Project object */ = {
			isa = PBXProject;
			attributes = {
				BuildIndependentTargetsInParallel = 1;
				LastSwiftUpdateCheck = 1400;
				LastUpgradeCheck = 1520;
				TargetAttributes = {
					3A906C3D29144A860070996F = {
						CreatedOnToolsVersion = 14.0.1;
					};
				};
			};
			buildConfigurationList = 3A906C3929144A860070996F /* Build configuration list for PBXProject "PhotoFinder" */;
			compatibilityVersion = "Xcode 14.0";
			developmentRegion = en;
			hasScannedForEncodings = 0;
			knownRegions = (
				en,
				Base,
				ru,
				ar,
			);
			mainGroup = 3A906C3529144A860070996F;
			packageReferences = (
				3ADAE33929CF0DA600BBF854 /* XCRemoteSwiftPackageReference "Alamofire" */,
				3ADAE33C29CF0DB600BBF854 /* XCRemoteSwiftPackageReference "Kingfisher" */,
			);
			productRefGroup = 3A906C3F29144A860070996F /* Products */;
			projectDirPath = "";
			projectRoot = "";
			targets = (
				3A906C3D29144A860070996F /* PhotoFinder */,
			);
		};
/* End PBXProject section */

/* Begin PBXResourcesBuildPhase section */
		3A906C3C29144A860070996F /* Resources */ = {
			isa = PBXResourcesBuildPhase;
			buildActionMask = 2147483647;
			files = (
				3A5D84DF292968EA00E41245 /* CollectionViewHeader.xib in Resources */,
				3AC6E71829C258EA000D12BD /* InfoPlist.strings in Resources */,
				3AF34C66299907A600454E05 /* CollectionViewFooter.xib in Resources */,
				3A8B53352921658B00FDDA1C /* PhotoCell.xib in Resources */,
				3A906C4E29144A890070996F /* LaunchScreen.storyboard in Resources */,
				3AC6E71F29C25CA7000D12BD /* Localizable.strings in Resources */,
				3A906C4B29144A890070996F /* Assets.xcassets in Resources */,
				3A906C4929144A860070996F /* Main.storyboard in Resources */,
			);
			runOnlyForDeploymentPostprocessing = 0;
		};
/* End PBXResourcesBuildPhase section */

/* Begin PBXSourcesBuildPhase section */
		3A906C3A29144A860070996F /* Sources */ = {
			isa = PBXSourcesBuildPhase;
			buildActionMask = 2147483647;
			files = (
				3A8B53252921122700FDDA1C /* CollectionViewController.swift in Sources */,
				3A8B53342921658B00FDDA1C /* PhotoCell.swift in Sources */,
				3AF34C6C2999452B00454E05 /* String + Extension.swift in Sources */,
				3A906C4229144A860070996F /* AppDelegate.swift in Sources */,
				3A5D84DE292968EA00E41245 /* CollectionViewHeader.swift in Sources */,
				3A8D1D4C294F5B53001341AE /* NetworkMonitor.swift in Sources */,
				3A906C4429144A860070996F /* SceneDelegate.swift in Sources */,
				3AF34C682999311300454E05 /* CollectionView + Keyboard.swift in Sources */,
				3A902A4029153F79007C3FDC /* AlertController.swift in Sources */,
				3AF98920299FED9400F48775 /* ScrollView.swift in Sources */,
				3A5F9521292AAA7100C8C869 /* CollectionView + Support.swift in Sources */,
				3AF34C65299907A600454E05 /* CollectionViewFooter.swift in Sources */,
				3A17777829325B6700703F92 /* DetailPhotoViewController.swift in Sources */,
				3AF34C6A2999313500454E05 /* CollectionView + Search.swift in Sources */,
				3A6C2459296989F5007AECB2 /* DetailViewModel.swift in Sources */,
				3A9F25BE294E213600A53EC6 /* SettingView(SwiftUI).swift in Sources */,
				3A0D6E5E2933A3C200D468F8 /* ImageModel.swift in Sources */,
				3A6EB25F292A73EA000688FE /* ToDo.swift in Sources */,
				3A8B532D2921253100FDDA1C /* NetworkManager.swift in Sources */,
				3AF9892229A0174100F48775 /* UserDefaults + Extension.swift in Sources */,
				3A5BA2DC294E36A400DE0B65 /* SettingViewControllerSwiftUI.swift in Sources */,
				3A6EB261292AA7D1000688FE /* CollectionViewController + DelegateFlowLayout.swift in Sources */,
				3AC1EA1D29A274C7006E24C5 /* CollectionViewController + UIMenu.swift in Sources */,
				3AC1DC442929415B004D10EE /* CollectionViewModelProtocol.swift in Sources */,
				3AC1DC4229293ECA004D10EE /* NetworkManagerProtocol.swift in Sources */,
				3A6C245D2969B773007AECB2 /* DetailViewModelProtocol.swift in Sources */,
				3AC1DC4029293E2F004D10EE /* CollectionViewModel.swift in Sources */,
			);
			runOnlyForDeploymentPostprocessing = 0;
		};
/* End PBXSourcesBuildPhase section */

/* Begin PBXVariantGroup section */
		3A906C4729144A860070996F /* Main.storyboard */ = {
			isa = PBXVariantGroup;
			children = (
				3A906C4829144A860070996F /* Base */,
				3AC6E71529C25750000D12BD /* ru */,
				3A11AC2D29D055B800FA4C90 /* ar */,
			);
			name = Main.storyboard;
			sourceTree = "<group>";
		};
		3A906C4C29144A890070996F /* LaunchScreen.storyboard */ = {
			isa = PBXVariantGroup;
			children = (
				3A906C4D29144A890070996F /* Base */,
				3AC6E71C29C258EA000D12BD /* ru */,
			);
			name = LaunchScreen.storyboard;
			sourceTree = "<group>";
		};
		3AC6E71629C258EA000D12BD /* InfoPlist.strings */ = {
			isa = PBXVariantGroup;
			children = (
				3AC6E71729C258EA000D12BD /* ru */,
				3A11AC2E29D05A9700FA4C90 /* ar */,
			);
			name = InfoPlist.strings;
			sourceTree = "<group>";
		};
		3AC6E71D29C25CA7000D12BD /* Localizable.strings */ = {
			isa = PBXVariantGroup;
			children = (
				3AC6E71E29C25CA7000D12BD /* ru */,
				3A11AC2F29D05A9700FA4C90 /* ar */,
			);
			name = Localizable.strings;
			sourceTree = "<group>";
		};
/* End PBXVariantGroup section */

/* Begin XCBuildConfiguration section */
		3A906C5029144A890070996F /* Debug */ = {
			isa = XCBuildConfiguration;
			buildSettings = {
				ALWAYS_SEARCH_USER_PATHS = NO;
				CLANG_ANALYZER_LOCALIZABILITY_NONLOCALIZED = YES;
				CLANG_ANALYZER_NONNULL = YES;
				CLANG_ANALYZER_NUMBER_OBJECT_CONVERSION = YES_AGGRESSIVE;
				CLANG_CXX_LANGUAGE_STANDARD = "gnu++20";
				CLANG_ENABLE_MODULES = YES;
				CLANG_ENABLE_OBJC_ARC = YES;
				CLANG_ENABLE_OBJC_WEAK = YES;
				CLANG_WARN_BLOCK_CAPTURE_AUTORELEASING = YES;
				CLANG_WARN_BOOL_CONVERSION = YES;
				CLANG_WARN_COMMA = YES;
				CLANG_WARN_CONSTANT_CONVERSION = YES;
				CLANG_WARN_DEPRECATED_OBJC_IMPLEMENTATIONS = YES;
				CLANG_WARN_DIRECT_OBJC_ISA_USAGE = YES_ERROR;
				CLANG_WARN_DOCUMENTATION_COMMENTS = YES;
				CLANG_WARN_EMPTY_BODY = YES;
				CLANG_WARN_ENUM_CONVERSION = YES;
				CLANG_WARN_INFINITE_RECURSION = YES;
				CLANG_WARN_INT_CONVERSION = YES;
				CLANG_WARN_NON_LITERAL_NULL_CONVERSION = YES;
				CLANG_WARN_OBJC_IMPLICIT_RETAIN_SELF = YES;
				CLANG_WARN_OBJC_LITERAL_CONVERSION = YES;
				CLANG_WARN_OBJC_ROOT_CLASS = YES_ERROR;
				CLANG_WARN_QUOTED_INCLUDE_IN_FRAMEWORK_HEADER = YES;
				CLANG_WARN_RANGE_LOOP_ANALYSIS = YES;
				CLANG_WARN_STRICT_PROTOTYPES = YES;
				CLANG_WARN_SUSPICIOUS_MOVE = YES;
				CLANG_WARN_UNGUARDED_AVAILABILITY = YES_AGGRESSIVE;
				CLANG_WARN_UNREACHABLE_CODE = YES;
				CLANG_WARN__DUPLICATE_METHOD_MATCH = YES;
				COPY_PHASE_STRIP = NO;
				DEBUG_INFORMATION_FORMAT = dwarf;
				ENABLE_STRICT_OBJC_MSGSEND = YES;
				ENABLE_TESTABILITY = YES;
				ENABLE_USER_SCRIPT_SANDBOXING = YES;
				GCC_C_LANGUAGE_STANDARD = gnu11;
				GCC_DYNAMIC_NO_PIC = NO;
				GCC_NO_COMMON_BLOCKS = YES;
				GCC_OPTIMIZATION_LEVEL = 0;
				GCC_PREPROCESSOR_DEFINITIONS = (
					"DEBUG=1",
					"$(inherited)",
				);
				GCC_WARN_64_TO_32_BIT_CONVERSION = YES;
				GCC_WARN_ABOUT_RETURN_TYPE = YES_ERROR;
				GCC_WARN_UNDECLARED_SELECTOR = YES;
				GCC_WARN_UNINITIALIZED_AUTOS = YES_AGGRESSIVE;
				GCC_WARN_UNUSED_FUNCTION = YES;
				GCC_WARN_UNUSED_VARIABLE = YES;
				IPHONEOS_DEPLOYMENT_TARGET = 14.0;
				MTL_ENABLE_DEBUG_INFO = INCLUDE_SOURCE;
				MTL_FAST_MATH = YES;
				ONLY_ACTIVE_ARCH = YES;
				SDKROOT = iphoneos;
				SWIFT_ACTIVE_COMPILATION_CONDITIONS = DEBUG;
				SWIFT_OPTIMIZATION_LEVEL = "-Onone";
			};
			name = Debug;
		};
		3A906C5129144A890070996F /* Release */ = {
			isa = XCBuildConfiguration;
			buildSettings = {
				ALWAYS_SEARCH_USER_PATHS = NO;
				CLANG_ANALYZER_LOCALIZABILITY_NONLOCALIZED = YES;
				CLANG_ANALYZER_NONNULL = YES;
				CLANG_ANALYZER_NUMBER_OBJECT_CONVERSION = YES_AGGRESSIVE;
				CLANG_CXX_LANGUAGE_STANDARD = "gnu++20";
				CLANG_ENABLE_MODULES = YES;
				CLANG_ENABLE_OBJC_ARC = YES;
				CLANG_ENABLE_OBJC_WEAK = YES;
				CLANG_WARN_BLOCK_CAPTURE_AUTORELEASING = YES;
				CLANG_WARN_BOOL_CONVERSION = YES;
				CLANG_WARN_COMMA = YES;
				CLANG_WARN_CONSTANT_CONVERSION = YES;
				CLANG_WARN_DEPRECATED_OBJC_IMPLEMENTATIONS = YES;
				CLANG_WARN_DIRECT_OBJC_ISA_USAGE = YES_ERROR;
				CLANG_WARN_DOCUMENTATION_COMMENTS = YES;
				CLANG_WARN_EMPTY_BODY = YES;
				CLANG_WARN_ENUM_CONVERSION = YES;
				CLANG_WARN_INFINITE_RECURSION = YES;
				CLANG_WARN_INT_CONVERSION = YES;
				CLANG_WARN_NON_LITERAL_NULL_CONVERSION = YES;
				CLANG_WARN_OBJC_IMPLICIT_RETAIN_SELF = YES;
				CLANG_WARN_OBJC_LITERAL_CONVERSION = YES;
				CLANG_WARN_OBJC_ROOT_CLASS = YES_ERROR;
				CLANG_WARN_QUOTED_INCLUDE_IN_FRAMEWORK_HEADER = YES;
				CLANG_WARN_RANGE_LOOP_ANALYSIS = YES;
				CLANG_WARN_STRICT_PROTOTYPES = YES;
				CLANG_WARN_SUSPICIOUS_MOVE = YES;
				CLANG_WARN_UNGUARDED_AVAILABILITY = YES_AGGRESSIVE;
				CLANG_WARN_UNREACHABLE_CODE = YES;
				CLANG_WARN__DUPLICATE_METHOD_MATCH = YES;
				COPY_PHASE_STRIP = NO;
				DEBUG_INFORMATION_FORMAT = "dwarf-with-dsym";
				ENABLE_NS_ASSERTIONS = NO;
				ENABLE_STRICT_OBJC_MSGSEND = YES;
				ENABLE_USER_SCRIPT_SANDBOXING = YES;
				GCC_C_LANGUAGE_STANDARD = gnu11;
				GCC_NO_COMMON_BLOCKS = YES;
				GCC_WARN_64_TO_32_BIT_CONVERSION = YES;
				GCC_WARN_ABOUT_RETURN_TYPE = YES_ERROR;
				GCC_WARN_UNDECLARED_SELECTOR = YES;
				GCC_WARN_UNINITIALIZED_AUTOS = YES_AGGRESSIVE;
				GCC_WARN_UNUSED_FUNCTION = YES;
				GCC_WARN_UNUSED_VARIABLE = YES;
				IPHONEOS_DEPLOYMENT_TARGET = 14.0;
				MTL_ENABLE_DEBUG_INFO = NO;
				MTL_FAST_MATH = YES;
				SDKROOT = iphoneos;
				SWIFT_COMPILATION_MODE = wholemodule;
				SWIFT_OPTIMIZATION_LEVEL = "-O";
				VALIDATE_PRODUCT = YES;
			};
			name = Release;
		};
		3A906C5329144A890070996F /* Debug */ = {
			isa = XCBuildConfiguration;
			buildSettings = {
				ASSETCATALOG_COMPILER_APPICON_NAME = AppIcon;
				ASSETCATALOG_COMPILER_GLOBAL_ACCENT_COLOR_NAME = AccentColor;
				ASSETCATALOG_COMPILER_INCLUDE_ALL_APPICON_ASSETS = NO;
				CODE_SIGN_STYLE = Automatic;
				CURRENT_PROJECT_VERSION = 0;
				DEVELOPMENT_TEAM = CBGVUJP69Q;
				GENERATE_INFOPLIST_FILE = YES;
				INFOPLIST_FILE = PhotoFinder/Info.plist;
				INFOPLIST_KEY_LSApplicationCategoryType = "public.app-category.photography";
				INFOPLIST_KEY_NSPhotoLibraryAddUsageDescription = "To save a photo to the gallery";
				INFOPLIST_KEY_UIApplicationSupportsIndirectInputEvents = YES;
				INFOPLIST_KEY_UILaunchStoryboardName = LaunchScreen.storyboard;
				INFOPLIST_KEY_UIMainStoryboardFile = Main;
				INFOPLIST_KEY_UIRequiresFullScreen = YES;
				INFOPLIST_KEY_UISupportedInterfaceOrientations = UIInterfaceOrientationPortrait;
				INFOPLIST_KEY_UISupportedInterfaceOrientations_iPad = "UIInterfaceOrientationLandscapeLeft UIInterfaceOrientationLandscapeRight UIInterfaceOrientationPortrait";
				IPHONEOS_DEPLOYMENT_TARGET = 14.0;
				LD_RUNPATH_SEARCH_PATHS = (
					"$(inherited)",
					"@executable_path/Frameworks",
				);
				MARKETING_VERSION = 1.03;
				PRODUCT_BUNDLE_IDENTIFIER = com.AKTeam.PhotoApplication;
				PRODUCT_NAME = "$(TARGET_NAME)";
				SUPPORTED_PLATFORMS = "iphoneos iphonesimulator";
				SUPPORTS_MACCATALYST = NO;
				SUPPORTS_MAC_DESIGNED_FOR_IPHONE_IPAD = NO;
				SWIFT_EMIT_LOC_STRINGS = YES;
				SWIFT_VERSION = 5.0;
				TARGETED_DEVICE_FAMILY = "1,2";
			};
			name = Debug;
		};
		3A906C5429144A890070996F /* Release */ = {
			isa = XCBuildConfiguration;
			buildSettings = {
				ASSETCATALOG_COMPILER_APPICON_NAME = AppIcon;
				ASSETCATALOG_COMPILER_GLOBAL_ACCENT_COLOR_NAME = AccentColor;
				ASSETCATALOG_COMPILER_INCLUDE_ALL_APPICON_ASSETS = NO;
				CODE_SIGN_STYLE = Automatic;
				CURRENT_PROJECT_VERSION = 0;
				DEVELOPMENT_TEAM = CBGVUJP69Q;
				GENERATE_INFOPLIST_FILE = YES;
				INFOPLIST_FILE = PhotoFinder/Info.plist;
				INFOPLIST_KEY_LSApplicationCategoryType = "public.app-category.photography";
				INFOPLIST_KEY_NSPhotoLibraryAddUsageDescription = "To save a photo to the gallery";
				INFOPLIST_KEY_UIApplicationSupportsIndirectInputEvents = YES;
				INFOPLIST_KEY_UILaunchStoryboardName = LaunchScreen.storyboard;
				INFOPLIST_KEY_UIMainStoryboardFile = Main;
				INFOPLIST_KEY_UIRequiresFullScreen = YES;
				INFOPLIST_KEY_UISupportedInterfaceOrientations = UIInterfaceOrientationPortrait;
				INFOPLIST_KEY_UISupportedInterfaceOrientations_iPad = "UIInterfaceOrientationLandscapeLeft UIInterfaceOrientationLandscapeRight UIInterfaceOrientationPortrait";
				IPHONEOS_DEPLOYMENT_TARGET = 14.0;
				LD_RUNPATH_SEARCH_PATHS = (
					"$(inherited)",
					"@executable_path/Frameworks",
				);
				MARKETING_VERSION = 1.03;
				PRODUCT_BUNDLE_IDENTIFIER = com.AKTeam.PhotoApplication;
				PRODUCT_NAME = "$(TARGET_NAME)";
				SUPPORTED_PLATFORMS = "iphoneos iphonesimulator";
				SUPPORTS_MACCATALYST = NO;
				SUPPORTS_MAC_DESIGNED_FOR_IPHONE_IPAD = NO;
				SWIFT_EMIT_LOC_STRINGS = YES;
				SWIFT_VERSION = 5.0;
				TARGETED_DEVICE_FAMILY = "1,2";
			};
			name = Release;
		};
/* End XCBuildConfiguration section */

/* Begin XCConfigurationList section */
		3A906C3929144A860070996F /* Build configuration list for PBXProject "PhotoFinder" */ = {
			isa = XCConfigurationList;
			buildConfigurations = (
				3A906C5029144A890070996F /* Debug */,
				3A906C5129144A890070996F /* Release */,
			);
			defaultConfigurationIsVisible = 0;
			defaultConfigurationName = Release;
		};
		3A906C5229144A890070996F /* Build configuration list for PBXNativeTarget "PhotoFinder" */ = {
			isa = XCConfigurationList;
			buildConfigurations = (
				3A906C5329144A890070996F /* Debug */,
				3A906C5429144A890070996F /* Release */,
			);
			defaultConfigurationIsVisible = 0;
			defaultConfigurationName = Release;
		};
/* End XCConfigurationList section */

/* Begin XCRemoteSwiftPackageReference section */
		3ADAE33929CF0DA600BBF854 /* XCRemoteSwiftPackageReference "Alamofire" */ = {
			isa = XCRemoteSwiftPackageReference;
			repositoryURL = "https://github.com/Alamofire/Alamofire";
			requirement = {
				kind = upToNextMinorVersion;
				minimumVersion = 5.6.0;
			};
		};
		3ADAE33C29CF0DB600BBF854 /* XCRemoteSwiftPackageReference "Kingfisher" */ = {
			isa = XCRemoteSwiftPackageReference;
			repositoryURL = "https://github.com/onevcat/Kingfisher?ysclid=lebpt2zxwu256656967";
			requirement = {
				kind = upToNextMinorVersion;
				minimumVersion = 7.6.0;
			};
		};
/* End XCRemoteSwiftPackageReference section */

/* Begin XCSwiftPackageProductDependency section */
		3ADAE33A29CF0DA600BBF854 /* Alamofire */ = {
			isa = XCSwiftPackageProductDependency;
			package = 3ADAE33929CF0DA600BBF854 /* XCRemoteSwiftPackageReference "Alamofire" */;
			productName = Alamofire;
		};
		3ADAE33D29CF0DB600BBF854 /* Kingfisher */ = {
			isa = XCSwiftPackageProductDependency;
			package = 3ADAE33C29CF0DB600BBF854 /* XCRemoteSwiftPackageReference "Kingfisher" */;
			productName = Kingfisher;
		};
/* End XCSwiftPackageProductDependency section */
	};
	rootObject = 3A906C3629144A860070996F /* Project object */;
}
